
Microsoft Visual Studio Solution File, Format Version 12.00
# Visual Studio Version 16
VisualStudioVersion = 16.0.30523.141
MinimumVisualStudioVersion = 10.0.40219.1
Project("{FAE04EC0-301F-11D3-BF4B-00C04F79EFBC}") = "MatrixMath", "MatrixMath.csproj", "{6AD73679-F4C9-4F66-8312-10E87E23F4C7}"
EndProject
Project("{FAE04EC0-301F-11D3-BF4B-00C04F79EFBC}") = "GoldLib", "..\GoldLib\GoldLib.csproj", "{1042EC5E-BFB6-41F2-B7F3-FEF1BCB0AB8A}"
EndProject
Global
	GlobalSection(SolutionConfigurationPlatforms) = preSolution
		Debug|Any CPU = Debug|Any CPU
		Release|Any CPU = Release|Any CPU
	EndGlobalSection
	GlobalSection(ProjectConfigurationPlatforms) = postSolution
		{6AD73679-F4C9-4F66-8312-10E87E23F4C7}.Debug|Any CPU.ActiveCfg = Debug|Any CPU
		{6AD73679-F4C9-4F66-8312-10E87E23F4C7}.Debug|Any CPU.Build.0 = Debug|Any CPU
		{6AD73679-F4C9-4F66-8312-10E87E23F4C7}.Release|Any CPU.ActiveCfg = Release|Any CPU
		{6AD73679-F4C9-4F66-8312-10E87E23F4C7}.Release|Any CPU.Build.0 = Release|Any CPU
		{1042EC5E-BFB6-41F2-B7F3-FEF1BCB0AB8A}.Debug|Any CPU.ActiveCfg = Debug|Any CPU
		{1042EC5E-BFB6-41F2-B7F3-FEF1BCB0AB8A}.Debug|Any CPU.Build.0 = Debug|Any CPU
		{1042EC5E-BFB6-41F2-B7F3-FEF1BCB0AB8A}.Release|Any CPU.ActiveCfg = Release|Any CPU
		{1042EC5E-BFB6-41F2-B7F3-FEF1BCB0AB8A}.Release|Any CPU.Build.0 = Release|Any CPU
	EndGlobalSection
	GlobalSection(SolutionProperties) = preSolution
		HideSolutionNode = FALSE
	EndGlobalSection
	GlobalSection(ExtensibilityGlobals) = postSolution
		SolutionGuid = {AF376F8E-142B-4FEF-B172-33835E534135}
	EndGlobalSection
EndGlobal
